
Microsoft Visual Studio Solution File, Format Version 12.00
# Visual Studio Version 16
VisualStudioVersion = 16.0.29209.62
MinimumVisualStudioVersion = 10.0.40219.1
Project("{FAE04EC0-301F-11D3-BF4B-00C04F79EFBC}") = "DiscordUserAPI", "DiscordUserAPI\DiscordUserAPI.csproj", "{D0C3ABE5-1D2D-4B92-A739-7A1BD5D4E580}"
EndProject
Project("{FAE04EC0-301F-11D3-BF4B-00C04F79EFBC}") = "Example", "Example\Example.csproj", "{FE336431-6C98-4A81-BB95-6C34ABC23133}"
EndProject
Global
	GlobalSection(SolutionConfigurationPlatforms) = preSolution
		Debug|Any CPU = Debug|Any CPU
		Release|Any CPU = Release|Any CPU
	EndGlobalSection
	GlobalSection(ProjectConfigurationPlatforms) = postSolution
		{D0C3ABE5-1D2D-4B92-A739-7A1BD5D4E580}.Debug|Any CPU.ActiveCfg = Debug|Any CPU
		{D0C3ABE5-1D2D-4B92-A739-7A1BD5D4E580}.Debug|Any CPU.Build.0 = Debug|Any CPU
		{D0C3ABE5-1D2D-4B92-A739-7A1BD5D4E580}.Release|Any CPU.ActiveCfg = Release|Any CPU
		{D0C3ABE5-1D2D-4B92-A739-7A1BD5D4E580}.Release|Any CPU.Build.0 = Release|Any CPU
		{FE336431-6C98-4A81-BB95-6C34ABC23133}.Debug|Any CPU.ActiveCfg = Debug|Any CPU
		{FE336431-6C98-4A81-BB95-6C34ABC23133}.Debug|Any CPU.Build.0 = Debug|Any CPU
		{FE336431-6C98-4A81-BB95-6C34ABC23133}.Release|Any CPU.ActiveCfg = Release|Any CPU
		{FE336431-6C98-4A81-BB95-6C34ABC23133}.Release|Any CPU.Build.0 = Release|Any CPU
	EndGlobalSection
	GlobalSection(SolutionProperties) = preSolution
		HideSolutionNode = FALSE
	EndGlobalSection
	GlobalSection(ExtensibilityGlobals) = postSolution
		SolutionGuid = {A8680A29-6169-4D21-A1E9-7EA858A719A9}
	EndGlobalSection
EndGlobal
