
Microsoft Visual Studio Solution File, Format Version 12.00
# Visual Studio 15
VisualStudioVersion = 15.0.27703.2026
MinimumVisualStudioVersion = 10.0.40219.1
Project("{FAE04EC0-301F-11D3-BF4B-00C04F79EFBC}") = "APITest", "APITest\APITest.csproj", "{4CE053D0-B5D1-4FC6-A063-F24F9001B614}"
EndProject
Project("{FAE04EC0-301F-11D3-BF4B-00C04F79EFBC}") = "DiscordAPI", "DiscordAPI\DiscordAPI.csproj", "{AB550141-5D13-41C8-AEBD-D1E151B15FBE}"
EndProject
Global
	GlobalSection(SolutionConfigurationPlatforms) = preSolution
		Debug|Any CPU = Debug|Any CPU
		Release|Any CPU = Release|Any CPU
	EndGlobalSection
	GlobalSection(ProjectConfigurationPlatforms) = postSolution
		{4CE053D0-B5D1-4FC6-A063-F24F9001B614}.Debug|Any CPU.ActiveCfg = Debug|Any CPU
		{4CE053D0-B5D1-4FC6-A063-F24F9001B614}.Debug|Any CPU.Build.0 = Debug|Any CPU
		{4CE053D0-B5D1-4FC6-A063-F24F9001B614}.Release|Any CPU.ActiveCfg = Release|Any CPU
		{4CE053D0-B5D1-4FC6-A063-F24F9001B614}.Release|Any CPU.Build.0 = Release|Any CPU
		{AB550141-5D13-41C8-AEBD-D1E151B15FBE}.Debug|Any CPU.ActiveCfg = Debug|Any CPU
		{AB550141-5D13-41C8-AEBD-D1E151B15FBE}.Debug|Any CPU.Build.0 = Debug|Any CPU
		{AB550141-5D13-41C8-AEBD-D1E151B15FBE}.Release|Any CPU.ActiveCfg = Release|Any CPU
		{AB550141-5D13-41C8-AEBD-D1E151B15FBE}.Release|Any CPU.Build.0 = Release|Any CPU
	EndGlobalSection
	GlobalSection(SolutionProperties) = preSolution
		HideSolutionNode = FALSE
	EndGlobalSection
	GlobalSection(ExtensibilityGlobals) = postSolution
		SolutionGuid = {A33BD9C9-5A92-43B2-854A-BE88560C8DBC}
	EndGlobalSection
EndGlobal
